// !$*UTF8*$!
{
	archiveVersion = 1;
	classes = {
	};
	objectVersion = 46;
	objects = {

/* Begin PBXBuildFile section */
		C24D04BE1B9ED7C00087C0E1 /* AppDelegate.swift in Sources */ = {isa = PBXBuildFile; fileRef = C24D04BD1B9ED7C00087C0E1 /* AppDelegate.swift */; };
		C24D04C01B9ED7C00087C0E1 /* ViewController.swift in Sources */ = {isa = PBXBuildFile; fileRef = C24D04BF1B9ED7C00087C0E1 /* ViewController.swift */; };
		C24D04C31B9ED7C00087C0E1 /* Main.storyboard in Resources */ = {isa = PBXBuildFile; fileRef = C24D04C11B9ED7C00087C0E1 /* Main.storyboard */; };
		C24D04C51B9ED7C00087C0E1 /* Images.xcassets in Resources */ = {isa = PBXBuildFile; fileRef = C24D04C41B9ED7C00087C0E1 /* Images.xcassets */; };
		C24D04C81B9ED7C00087C0E1 /* LaunchScreen.xib in Resources */ = {isa = PBXBuildFile; fileRef = C24D04C61B9ED7C00087C0E1 /* LaunchScreen.xib */; };
		C24D04D41B9ED7C00087C0E1 /* tabcTests.swift in Sources */ = {isa = PBXBuildFile; fileRef = C24D04D31B9ED7C00087C0E1 /* tabcTests.swift */; };
/* End PBXBuildFile section */

/* Begin PBXContainerItemProxy section */
		C24D04CE1B9ED7C00087C0E1 /* PBXContainerItemProxy */ = {
			isa = PBXContainerItemProxy;
			containerPortal = C24D04B01B9ED7C00087C0E1 /* Project object */;
			proxyType = 1;
			remoteGlobalIDString = C24D04B71B9ED7C00087C0E1;
			remoteInfo = tabc;
		};
/* End PBXContainerItemProxy section */

/* Begin PBXFileReference section */
		C24D04B81B9ED7C00087C0E1 /* tabc.app */ = {isa = PBXFileReference; explicitFileType = wrapper.application; includeInIndex = 0; path = tabc.app; sourceTree = BUILT_PRODUCTS_DIR; };
		C24D04BC1B9ED7C00087C0E1 /* Info.plist */ = {isa = PBXFileReference; lastKnownFileType = text.plist.xml; path = Info.plist; sourceTree = "<group>"; };
		C24D04BD1B9ED7C00087C0E1 /* AppDelegate.swift */ = {isa = PBXFileReference; lastKnownFileType = sourcecode.swift; path = AppDelegate.swift; sourceTree = "<group>"; };
		C24D04BF1B9ED7C00087C0E1 /* ViewController.swift */ = {isa = PBXFileReference; lastKnownFileType = sourcecode.swift; path = ViewController.swift; sourceTree = "<group>"; };
		C24D04C21B9ED7C00087C0E1 /* Base */ = {isa = PBXFileReference; lastKnownFileType = file.storyboard; name = Base; path = Base.lproj/Main.storyboard; sourceTree = "<group>"; };
		C24D04C41B9ED7C00087C0E1 /* Images.xcassets */ = {isa = PBXFileReference; lastKnownFileType = folder.assetcatalog; path = Images.xcassets; sourceTree = "<group>"; };
		C24D04C71B9ED7C00087C0E1 /* Base */ = {isa = PBXFileReference; lastKnownFileType = file.xib; name = Base; path = Base.lproj/LaunchScreen.xib; sourceTree = "<group>"; };
		C24D04CD1B9ED7C00087C0E1 /* tabcTests.xctest */ = {isa = PBXFileReference; explicitFileType = wrapper.cfbundle; includeInIndex = 0; path = tabcTests.xctest; sourceTree = BUILT_PRODUCTS_DIR; };
		C24D04D21B9ED7C00087C0E1 /* Info.plist */ = {isa = PBXFileReference; lastKnownFileType = text.plist.xml; path = Info.plist; sourceTree = "<group>"; };
		C24D04D31B9ED7C00087C0E1 /* tabcTests.swift */ = {isa = PBXFileReference; lastKnownFileType = sourcecode.swift; path = tabcTests.swift; sourceTree = "<group>"; };
/* End PBXFileReference section */

/* Begin PBXFrameworksBuildPhase section */
		C24D04B51B9ED7C00087C0E1 /* Frameworks */ = {
			isa = PBXFrameworksBuildPhase;
			buildActionMask = 2147483647;
			files = (
			);
			runOnlyForDeploymentPostprocessing = 0;
		};
		C24D04CA1B9ED7C00087C0E1 /* Frameworks */ = {
			isa = PBXFrameworksBuildPhase;
			buildActionMask = 2147483647;
			files = (
			);
			runOnlyForDeploymentPostprocessing = 0;
		};
/* End PBXFrameworksBuildPhase section */

/* Begin PBXGroup section */
		C24D04AF1B9ED7C00087C0E1 = {
			isa = PBXGroup;
			children = (
				C24D04BA1B9ED7C00087C0E1 /* tabc */,
				C24D04D01B9ED7C00087C0E1 /* tabcTests */,
				C24D04B91B9ED7C00087C0E1 /* Products */,
			);
			sourceTree = "<group>";
		};
		C24D04B91B9ED7C00087C0E1 /* Products */ = {
			isa = PBXGroup;
			children = (
				C24D04B81B9ED7C00087C0E1 /* tabc.app */,
				C24D04CD1B9ED7C00087C0E1 /* tabcTests.xctest */,
			);
			name = Products;
			sourceTree = "<group>";
		};
		C24D04BA1B9ED7C00087C0E1 /* tabc */ = {
			isa = PBXGroup;
			children = (
				C24D04BD1B9ED7C00087C0E1 /* AppDelegate.swift */,
				C24D04BF1B9ED7C00087C0E1 /* ViewController.swift */,
				C24D04C11B9ED7C00087C0E1 /* Main.storyboard */,
				C24D04C41B9ED7C00087C0E1 /* Images.xcassets */,
				C24D04C61B9ED7C00087C0E1 /* LaunchScreen.xib */,
				C24D04BB1B9ED7C00087C0E1 /* Supporting Files */,
			);
			path = tabc;
			sourceTree = "<group>";
		};
		C24D04BB1B9ED7C00087C0E1 /* Supporting Files */ = {
			isa = PBXGroup;
			children = (
				C24D04BC1B9ED7C00087C0E1 /* Info.plist */,
			);
			name = "Supporting Files";
			sourceTree = "<group>";
		};
		C24D04D01B9ED7C00087C0E1 /* tabcTests */ = {
			isa = PBXGroup;
			children = (
				C24D04D31B9ED7C00087C0E1 /* tabcTests.swift */,
				C24D04D11B9ED7C00087C0E1 /* Supporting Files */,
			);
			path = tabcTests;
			sourceTree = "<group>";
		};
		C24D04D11B9ED7C00087C0E1 /* Supporting Files */ = {
			isa = PBXGroup;
			children = (
				C24D04D21B9ED7C00087C0E1 /* Info.plist */,
			);
			name = "Supporting Files";
			sourceTree = "<group>";
		};
/* End PBXGroup section */

/* Begin PBXNativeTarget section */
		C24D04B71B9ED7C00087C0E1 /* tabc */ = {
			isa = PBXNativeTarget;
			buildConfigurationList = C24D04D71B9ED7C00087C0E1 /* Build configuration list for PBXNativeTarget "tabc" */;
			buildPhases = (
				C24D04B41B9ED7C00087C0E1 /* Sources */,
				C24D04B51B9ED7C00087C0E1 /* Frameworks */,
				C24D04B61B9ED7C00087C0E1 /* Resources */,
			);
			buildRules = (
			);
			dependencies = (
			);
			name = tabc;
			productName = tabc;
			productReference = C24D04B81B9ED7C00087C0E1 /* tabc.app */;
			productType = "com.apple.product-type.application";
		};
		C24D04CC1B9ED7C00087C0E1 /* tabcTests */ = {
			isa = PBXNativeTarget;
			buildConfigurationList = C24D04DA1B9ED7C00087C0E1 /* Build configuration list for PBXNativeTarget "tabcTests" */;
			buildPhases = (
				C24D04C91B9ED7C00087C0E1 /* Sources */,
				C24D04CA1B9ED7C00087C0E1 /* Frameworks */,
				C24D04CB1B9ED7C00087C0E1 /* Resources */,
			);
			buildRules = (
			);
			dependencies = (
				C24D04CF1B9ED7C00087C0E1 /* PBXTargetDependency */,
			);
			name = tabcTests;
			productName = tabcTests;
			productReference = C24D04CD1B9ED7C00087C0E1 /* tabcTests.xctest */;
			productType = "com.apple.product-type.bundle.unit-test";
		};
/* End PBXNativeTarget section */

/* Begin PBXProject section */
		C24D04B01B9ED7C00087C0E1 /* Project object */ = {
			isa = PBXProject;
			attributes = {
				LastUpgradeCheck = 0640;
				ORGANIZATIONNAME = cg;
				TargetAttributes = {
					C24D04B71B9ED7C00087C0E1 = {
						CreatedOnToolsVersion = 6.4;
					};
					C24D04CC1B9ED7C00087C0E1 = {
						CreatedOnToolsVersion = 6.4;
						TestTargetID = C24D04B71B9ED7C00087C0E1;
					};
				};
			};
			buildConfigurationList = C24D04B31B9ED7C00087C0E1 /* Build configuration list for PBXProject "tabc" */;
			compatibilityVersion = "Xcode 3.2";
			developmentRegion = English;
			hasScannedForEncodings = 0;
			knownRegions = (
				en,
				Base,
			);
			mainGroup = C24D04AF1B9ED7C00087C0E1;
			productRefGroup = C24D04B91B9ED7C00087C0E1 /* Products */;
			projectDirPath = "";
			projectRoot = "";
			targets = (
				C24D04B71B9ED7C00087C0E1 /* tabc */,
				C24D04CC1B9ED7C00087C0E1 /* tabcTests */,
			);
		};
/* End PBXProject section */

/* Begin PBXResourcesBuildPhase section */
		C24D04B61B9ED7C00087C0E1 /* Resources */ = {
			isa = PBXResourcesBuildPhase;
			buildActionMask = 2147483647;
			files = (
				C24D04C31B9ED7C00087C0E1 /* Main.storyboard in Resources */,
				C24D04C81B9ED7C00087C0E1 /* LaunchScreen.xib in Resources */,
				C24D04C51B9ED7C00087C0E1 /* Images.xcassets in Resources */,
			);
			runOnlyForDeploymentPostprocessing = 0;
		};
		C24D04CB1B9ED7C00087C0E1 /* Resources */ = {
			isa = PBXResourcesBuildPhase;
			buildActionMask = 2147483647;
			files = (
			);
			runOnlyForDeploymentPostprocessing = 0;
		};
/* End PBXResourcesBuildPhase section */

/* Begin PBXSourcesBuildPhase section */
		C24D04B41B9ED7C00087C0E1 /* Sources */ = {
			isa = PBXSourcesBuildPhase;
			buildActionMask = 2147483647;
			files = (
				C24D04C01B9ED7C00087C0E1 /* ViewController.swift in Sources */,
				C24D04BE1B9ED7C00087C0E1 /* AppDelegate.swift in Sources */,
			);
			runOnlyForDeploymentPostprocessing = 0;
		};
		C24D04C91B9ED7C00087C0E1 /* Sources */ = {
			isa = PBXSourcesBuildPhase;
			buildActionMask = 2147483647;
			files = (
				C24D04D41B9ED7C00087C0E1 /* tabcTests.swift in Sources */,
			);
			runOnlyForDeploymentPostprocessing = 0;
		};
/* End PBXSourcesBuildPhase section */

/* Begin PBXTargetDependency section */
		C24D04CF1B9ED7C00087C0E1 /* PBXTargetDependency */ = {
			isa = PBXTargetDependency;
			target = C24D04B71B9ED7C00087C0E1 /* tabc */;
			targetProxy = C24D04CE1B9ED7C00087C0E1 /* PBXContainerItemProxy */;
		};
/* End PBXTargetDependency section */

/* Begin PBXVariantGroup section */
		C24D04C11B9ED7C00087C0E1 /* Main.storyboard */ = {
			isa = PBXVariantGroup;
			children = (
				C24D04C21B9ED7C00087C0E1 /* Base */,
			);
			name = Main.storyboard;
			sourceTree = "<group>";
		};
		C24D04C61B9ED7C00087C0E1 /* LaunchScreen.xib */ = {
			isa = PBXVariantGroup;
			children = (
				C24D04C71B9ED7C00087C0E1 /* Base */,
			);
			name = LaunchScreen.xib;
			sourceTree = "<group>";
		};
/* End PBXVariantGroup section */

/* Begin XCBuildConfiguration section */
		C24D04D51B9ED7C00087C0E1 /* Debug */ = {
			isa = XCBuildConfiguration;
			buildSettings = {
				ALWAYS_SEARCH_USER_PATHS = NO;
				CLANG_CXX_LANGUAGE_STANDARD = "gnu++0x";
				CLANG_CXX_LIBRARY = "libc++";
				CLANG_ENABLE_MODULES = YES;
				CLANG_ENABLE_OBJC_ARC = YES;
				CLANG_WARN_BOOL_CONVERSION = YES;
				CLANG_WARN_CONSTANT_CONVERSION = YES;
				CLANG_WARN_DIRECT_OBJC_ISA_USAGE = YES_ERROR;
				CLANG_WARN_EMPTY_BODY = YES;
				CLANG_WARN_ENUM_CONVERSION = YES;
				CLANG_WARN_INT_CONVERSION = YES;
				CLANG_WARN_OBJC_ROOT_CLASS = YES_ERROR;
				CLANG_WARN_UNREACHABLE_CODE = YES;
				CLANG_WARN__DUPLICATE_METHOD_MATCH = YES;
				"CODE_SIGN_IDENTITY[sdk=iphoneos*]" = "iPhone Developer";
				COPY_PHASE_STRIP = NO;
				DEBUG_INFORMATION_FORMAT = "dwarf-with-dsym";
				ENABLE_STRICT_OBJC_MSGSEND = YES;
				GCC_C_LANGUAGE_STANDARD = gnu99;
				GCC_DYNAMIC_NO_PIC = NO;
				GCC_NO_COMMON_BLOCKS = YES;
				GCC_OPTIMIZATION_LEVEL = 0;
				GCC_PREPROCESSOR_DEFINITIONS = (
					"DEBUG=1",
					"$(inherited)",
				);
				GCC_SYMBOLS_PRIVATE_EXTERN = NO;
				GCC_WARN_64_TO_32_BIT_CONVERSION = YES;
				GCC_WARN_ABOUT_RETURN_TYPE = YES_ERROR;
				GCC_WARN_UNDECLARED_SELECTOR = YES;
				GCC_WARN_UNINITIALIZED_AUTOS = YES_AGGRESSIVE;
				GCC_WARN_UNUSED_FUNCTION = YES;
				GCC_WARN_UNUSED_VARIABLE = YES;
				IPHONEOS_DEPLOYMENT_TARGET = 8.4;
				MTL_ENABLE_DEBUG_INFO = YES;
				ONLY_ACTIVE_ARCH = YES;
				SDKROOT = iphoneos;
				SWIFT_OPTIMIZATION_LEVEL = "-Onone";
			};
			name = Debug;
		};
		C24D04D61B9ED7C00087C0E1 /* Release */ = {
			isa = XCBuildConfiguration;
			buildSettings = {
				ALWAYS_SEARCH_USER_PATHS = NO;
				CLANG_CXX_LANGUAGE_STANDARD = "gnu++0x";
				CLANG_CXX_LIBRARY = "libc++";
				CLANG_ENABLE_MODULES = YES;
				CLANG_ENABLE_OBJC_ARC = YES;
				CLANG_WARN_BOOL_CONVERSION = YES;
				CLANG_WARN_CONSTANT_CONVERSION = YES;
				CLANG_WARN_DIRECT_OBJC_ISA_USAGE = YES_ERROR;
				CLANG_WARN_EMPTY_BODY = YES;
				CLANG_WARN_ENUM_CONVERSION = YES;
				CLANG_WARN_INT_CONVERSION = YES;
				CLANG_WARN_OBJC_ROOT_CLASS = YES_ERROR;
				CLANG_WARN_UNREACHABLE_CODE = YES;
				CLANG_WARN__DUPLICATE_METHOD_MATCH = YES;
				"CODE_SIGN_IDENTITY[sdk=iphoneos*]" = "iPhone Developer";
				COPY_PHASE_STRIP = NO;
				DEBUG_INFORMATION_FORMAT = "dwarf-with-dsym";
				ENABLE_NS_ASSERTIONS = NO;
				ENABLE_STRICT_OBJC_MSGSEND = YES;
				GCC_C_LANGUAGE_STANDARD = gnu99;
				GCC_NO_COMMON_BLOCKS = YES;
				GCC_WARN_64_TO_32_BIT_CONVERSION = YES;
				GCC_WARN_ABOUT_RETURN_TYPE = YES_ERROR;
				GCC_WARN_UNDECLARED_SELECTOR = YES;
				GCC_WARN_UNINITIALIZED_AUTOS = YES_AGGRESSIVE;
				GCC_WARN_UNUSED_FUNCTION = YES;
				GCC_WARN_UNUSED_VARIABLE = YES;
				IPHONEOS_DEPLOYMENT_TARGET = 8.4;
				MTL_ENABLE_DEBUG_INFO = NO;
				SDKROOT = iphoneos;
				VALIDATE_PRODUCT = YES;
			};
			name = Release;
		};
		C24D04D81B9ED7C00087C0E1 /* Debug */ = {
			isa = XCBuildConfiguration;
			buildSettings = {
				ASSETCATALOG_COMPILER_APPICON_NAME = AppIcon;
				INFOPLIST_FILE = tabc/Info.plist;
				LD_RUNPATH_SEARCH_PATHS = "$(inherited) @executable_path/Frameworks";
				PRODUCT_NAME = "$(TARGET_NAME)";
			};
			name = Debug;
		};
		C24D04D91B9ED7C00087C0E1 /* Release */ = {
			isa = XCBuildConfiguration;
			buildSettings = {
				ASSETCATALOG_COMPILER_APPICON_NAME = AppIcon;
				INFOPLIST_FILE = tabc/Info.plist;
				LD_RUNPATH_SEARCH_PATHS = "$(inherited) @executable_path/Frameworks";
				PRODUCT_NAME = "$(TARGET_NAME)";
			};
			name = Release;
		};
		C24D04DB1B9ED7C00087C0E1 /* Debug */ = {
			isa = XCBuildConfiguration;
			buildSettings = {
				BUNDLE_LOADER = "$(TEST_HOST)";
				FRAMEWORK_SEARCH_PATHS = (
					"$(SDKROOT)/Developer/Library/Frameworks",
					"$(inherited)",
				);
				GCC_PREPROCESSOR_DEFINITIONS = (
					"DEBUG=1",
					"$(inherited)",
				);
				INFOPLIST_FILE = tabcTests/Info.plist;
				LD_RUNPATH_SEARCH_PATHS = "$(inherited) @executable_path/Frameworks @loader_path/Frameworks";
				PRODUCT_NAME = "$(TARGET_NAME)";
				TEST_HOST = "$(BUILT_PRODUCTS_DIR)/tabc.app/tabc";
			};
			name = Debug;
		};
		C24D04DC1B9ED7C00087C0E1 /* Release */ = {
			isa = XCBuildConfiguration;
			buildSettings = {
				BUNDLE_LOADER = "$(TEST_HOST)";
				FRAMEWORK_SEARCH_PATHS = (
					"$(SDKROOT)/Developer/Library/Frameworks",
					"$(inherited)",
				);
				INFOPLIST_FILE = tabcTests/Info.plist;
				LD_RUNPATH_SEARCH_PATHS = "$(inherited) @executable_path/Frameworks @loader_path/Frameworks";
				PRODUCT_NAME = "$(TARGET_NAME)";
				TEST_HOST = "$(BUILT_PRODUCTS_DIR)/tabc.app/tabc";
			};
			name = Release;
		};
/* End XCBuildConfiguration section */

/* Begin XCConfigurationList section */
		C24D04B31B9ED7C00087C0E1 /* Build configuration list for PBXProject "tabc" */ = {
			isa = XCConfigurationList;
			buildConfigurations = (
				C24D04D51B9ED7C00087C0E1 /* Debug */,
				C24D04D61B9ED7C00087C0E1 /* Release */,
			);
			defaultConfigurationIsVisible = 0;
			defaultConfigurationName = Release;
		};
		C24D04D71B9ED7C00087C0E1 /* Build configuration list for PBXNativeTarget "tabc" */ = {
			isa = XCConfigurationList;
			buildConfigurations = (
				C24D04D81B9ED7C00087C0E1 /* Debug */,
				C24D04D91B9ED7C00087C0E1 /* Release */,
			);
			defaultConfigurationIsVisible = 0;
		};
		C24D04DA1B9ED7C00087C0E1 /* Build configuration list for PBXNativeTarget "tabcTests" */ = {
			isa = XCConfigurationList;
			buildConfigurations = (
				C24D04DB1B9ED7C00087C0E1 /* Debug */,
				C24D04DC1B9ED7C00087C0E1 /* Release */,
			);
			defaultConfigurationIsVisible = 0;
		};
/* End XCConfigurationList section */
	};
	rootObject = C24D04B01B9ED7C00087C0E1 /* Project object */;
}
